// !$*UTF8*$!
{
	archiveVersion = 1;
	classes = {
	};
	objectVersion = 46;
	objects = {

/* Begin PBXBuildFile section */
		03A00A991BDCA80700240B2A /* AppDelegate.swift in Sources */ = {isa = PBXBuildFile; fileRef = 03A00A981BDCA80700240B2A /* AppDelegate.swift */; };
		03A00A9B1BDCA80700240B2A /* ViewController.swift in Sources */ = {isa = PBXBuildFile; fileRef = 03A00A9A1BDCA80700240B2A /* ViewController.swift */; };
		03A00A9E1BDCA80700240B2A /* Main.storyboard in Resources */ = {isa = PBXBuildFile; fileRef = 03A00A9C1BDCA80700240B2A /* Main.storyboard */; };
		03A00AA01BDCA80700240B2A /* Assets.xcassets in Resources */ = {isa = PBXBuildFile; fileRef = 03A00A9F1BDCA80700240B2A /* Assets.xcassets */; };
		03A00AA31BDCA80700240B2A /* LaunchScreen.storyboard in Resources */ = {isa = PBXBuildFile; fileRef = 03A00AA11BDCA80700240B2A /* LaunchScreen.storyboard */; };
		03A00AAE1BDCA80700240B2A /* TravistestTests.swift in Sources */ = {isa = PBXBuildFile; fileRef = 03A00AAD1BDCA80700240B2A /* TravistestTests.swift */; };
		03A00AB91BDCA80800240B2A /* TravistestUITests.swift in Sources */ = {isa = PBXBuildFile; fileRef = 03A00AB81BDCA80800240B2A /* TravistestUITests.swift */; };
/* End PBXBuildFile section */

/* Begin PBXContainerItemProxy section */
		03A00AAA1BDCA80700240B2A /* PBXContainerItemProxy */ = {
			isa = PBXContainerItemProxy;
			containerPortal = 03A00A8D1BDCA80700240B2A /* Project object */;
			proxyType = 1;
			remoteGlobalIDString = 03A00A941BDCA80700240B2A;
			remoteInfo = Travistest;
		};
		03A00AB51BDCA80800240B2A /* PBXContainerItemProxy */ = {
			isa = PBXContainerItemProxy;
			containerPortal = 03A00A8D1BDCA80700240B2A /* Project object */;
			proxyType = 1;
			remoteGlobalIDString = 03A00A941BDCA80700240B2A;
			remoteInfo = Travistest;
		};
/* End PBXContainerItemProxy section */

/* Begin PBXFileReference section */
		03A00A951BDCA80700240B2A /* Travistest.app */ = {isa = PBXFileReference; explicitFileType = wrapper.application; includeInIndex = 0; path = Travistest.app; sourceTree = BUILT_PRODUCTS_DIR; };
		03A00A981BDCA80700240B2A /* AppDelegate.swift */ = {isa = PBXFileReference; lastKnownFileType = sourcecode.swift; path = AppDelegate.swift; sourceTree = "<group>"; };
		03A00A9A1BDCA80700240B2A /* ViewController.swift */ = {isa = PBXFileReference; lastKnownFileType = sourcecode.swift; path = ViewController.swift; sourceTree = "<group>"; };
		03A00A9D1BDCA80700240B2A /* Base */ = {isa = PBXFileReference; lastKnownFileType = file.storyboard; name = Base; path = Base.lproj/Main.storyboard; sourceTree = "<group>"; };
		03A00A9F1BDCA80700240B2A /* Assets.xcassets */ = {isa = PBXFileReference; lastKnownFileType = folder.assetcatalog; path = Assets.xcassets; sourceTree = "<group>"; };
		03A00AA21BDCA80700240B2A /* Base */ = {isa = PBXFileReference; lastKnownFileType = file.storyboard; name = Base; path = Base.lproj/LaunchScreen.storyboard; sourceTree = "<group>"; };
		03A00AA41BDCA80700240B2A /* Info.plist */ = {isa = PBXFileReference; lastKnownFileType = text.plist.xml; path = Info.plist; sourceTree = "<group>"; };
		03A00AA91BDCA80700240B2A /* TravistestTests.xctest */ = {isa = PBXFileReference; explicitFileType = wrapper.cfbundle; includeInIndex = 0; path = TravistestTests.xctest; sourceTree = BUILT_PRODUCTS_DIR; };
		03A00AAD1BDCA80700240B2A /* TravistestTests.swift */ = {isa = PBXFileReference; lastKnownFileType = sourcecode.swift; path = TravistestTests.swift; sourceTree = "<group>"; };
		03A00AAF1BDCA80700240B2A /* Info.plist */ = {isa = PBXFileReference; lastKnownFileType = text.plist.xml; path = Info.plist; sourceTree = "<group>"; };
		03A00AB41BDCA80800240B2A /* TravistestUITests.xctest */ = {isa = PBXFileReference; explicitFileType = wrapper.cfbundle; includeInIndex = 0; path = TravistestUITests.xctest; sourceTree = BUILT_PRODUCTS_DIR; };
		03A00AB81BDCA80800240B2A /* TravistestUITests.swift */ = {isa = PBXFileReference; lastKnownFileType = sourcecode.swift; path = TravistestUITests.swift; sourceTree = "<group>"; };
		03A00ABA1BDCA80800240B2A /* Info.plist */ = {isa = PBXFileReference; lastKnownFileType = text.plist.xml; path = Info.plist; sourceTree = "<group>"; };
/* End PBXFileReference section */

/* Begin PBXFrameworksBuildPhase section */
		03A00A921BDCA80700240B2A /* Frameworks */ = {
			isa = PBXFrameworksBuildPhase;
			buildActionMask = 2147483647;
			files = (
			);
			runOnlyForDeploymentPostprocessing = 0;
		};
		03A00AA61BDCA80700240B2A /* Frameworks */ = {
			isa = PBXFrameworksBuildPhase;
			buildActionMask = 2147483647;
			files = (
			);
			runOnlyForDeploymentPostprocessing = 0;
		};
		03A00AB11BDCA80800240B2A /* Frameworks */ = {
			isa = PBXFrameworksBuildPhase;
			buildActionMask = 2147483647;
			files = (
			);
			runOnlyForDeploymentPostprocessing = 0;
		};
/* End PBXFrameworksBuildPhase section */

/* Begin PBXGroup section */
		03A00A8C1BDCA80700240B2A = {
			isa = PBXGroup;
			children = (
				03A00A971BDCA80700240B2A /* Travistest */,
				03A00AAC1BDCA80700240B2A /* TravistestTests */,
				03A00AB71BDCA80800240B2A /* TravistestUITests */,
				03A00A961BDCA80700240B2A /* Products */,
			);
			sourceTree = "<group>";
		};
		03A00A961BDCA80700240B2A /* Products */ = {
			isa = PBXGroup;
			children = (
				03A00A951BDCA80700240B2A /* Travistest.app */,
				03A00AA91BDCA80700240B2A /* TravistestTests.xctest */,
				03A00AB41BDCA80800240B2A /* TravistestUITests.xctest */,
			);
			name = Products;
			sourceTree = "<group>";
		};
		03A00A971BDCA80700240B2A /* Travistest */ = {
			isa = PBXGroup;
			children = (
				03A00A981BDCA80700240B2A /* AppDelegate.swift */,
				03A00A9A1BDCA80700240B2A /* ViewController.swift */,
				03A00A9C1BDCA80700240B2A /* Main.storyboard */,
				03A00A9F1BDCA80700240B2A /* Assets.xcassets */,
				03A00AA11BDCA80700240B2A /* LaunchScreen.storyboard */,
				03A00AA41BDCA80700240B2A /* Info.plist */,
			);
			path = Travistest;
			sourceTree = "<group>";
		};
		03A00AAC1BDCA80700240B2A /* TravistestTests */ = {
			isa = PBXGroup;
			children = (
				03A00AAD1BDCA80700240B2A /* TravistestTests.swift */,
				03A00AAF1BDCA80700240B2A /* Info.plist */,
			);
			path = TravistestTests;
			sourceTree = "<group>";
		};
		03A00AB71BDCA80800240B2A /* TravistestUITests */ = {
			isa = PBXGroup;
			children = (
				03A00AB81BDCA80800240B2A /* TravistestUITests.swift */,
				03A00ABA1BDCA80800240B2A /* Info.plist */,
			);
			path = TravistestUITests;
			sourceTree = "<group>";
		};
/* End PBXGroup section */

/* Begin PBXNativeTarget section */
		03A00A941BDCA80700240B2A /* Travistest */ = {
			isa = PBXNativeTarget;
			buildConfigurationList = 03A00ABD1BDCA80800240B2A /* Build configuration list for PBXNativeTarget "Travistest" */;
			buildPhases = (
				03A00A911BDCA80700240B2A /* Sources */,
				03A00A921BDCA80700240B2A /* Frameworks */,
				03A00A931BDCA80700240B2A /* Resources */,
			);
			buildRules = (
			);
			dependencies = (
			);
			name = Travistest;
			productName = Travistest;
			productReference = 03A00A951BDCA80700240B2A /* Travistest.app */;
			productType = "com.apple.product-type.application";
		};
		03A00AA81BDCA80700240B2A /* TravistestTests */ = {
			isa = PBXNativeTarget;
			buildConfigurationList = 03A00AC01BDCA80800240B2A /* Build configuration list for PBXNativeTarget "TravistestTests" */;
			buildPhases = (
				03A00AA51BDCA80700240B2A /* Sources */,
				03A00AA61BDCA80700240B2A /* Frameworks */,
				03A00AA71BDCA80700240B2A /* Resources */,
			);
			buildRules = (
			);
			dependencies = (
				03A00AAB1BDCA80700240B2A /* PBXTargetDependency */,
			);
			name = TravistestTests;
			productName = TravistestTests;
			productReference = 03A00AA91BDCA80700240B2A /* TravistestTests.xctest */;
			productType = "com.apple.product-type.bundle.unit-test";
		};
		03A00AB31BDCA80800240B2A /* TravistestUITests */ = {
			isa = PBXNativeTarget;
			buildConfigurationList = 03A00AC31BDCA80800240B2A /* Build configuration list for PBXNativeTarget "TravistestUITests" */;
			buildPhases = (
				03A00AB01BDCA80800240B2A /* Sources */,
				03A00AB11BDCA80800240B2A /* Frameworks */,
				03A00AB21BDCA80800240B2A /* Resources */,
			);
			buildRules = (
			);
			dependencies = (
				03A00AB61BDCA80800240B2A /* PBXTargetDependency */,
			);
			name = TravistestUITests;
			productName = TravistestUITests;
			productReference = 03A00AB41BDCA80800240B2A /* TravistestUITests.xctest */;
			productType = "com.apple.product-type.bundle.ui-testing";
		};
/* End PBXNativeTarget section */

/* Begin PBXProject section */
		03A00A8D1BDCA80700240B2A /* Project object */ = {
			isa = PBXProject;
			attributes = {
				LastUpgradeCheck = 0700;
				ORGANIZATIONNAME = "Josh Sklar";
				TargetAttributes = {
					03A00A941BDCA80700240B2A = {
						CreatedOnToolsVersion = 7.0.1;
					};
					03A00AA81BDCA80700240B2A = {
						CreatedOnToolsVersion = 7.0.1;
						TestTargetID = 03A00A941BDCA80700240B2A;
					};
					03A00AB31BDCA80800240B2A = {
						CreatedOnToolsVersion = 7.0.1;
						TestTargetID = 03A00A941BDCA80700240B2A;
					};
				};
			};
			buildConfigurationList = 03A00A901BDCA80700240B2A /* Build configuration list for PBXProject "Travistest" */;
			compatibilityVersion = "Xcode 3.2";
			developmentRegion = English;
			hasScannedForEncodings = 0;
			knownRegions = (
				en,
				Base,
			);
			mainGroup = 03A00A8C1BDCA80700240B2A;
			productRefGroup = 03A00A961BDCA80700240B2A /* Products */;
			projectDirPath = "";
			projectRoot = "";
			targets = (
				03A00A941BDCA80700240B2A /* Travistest */,
				03A00AA81BDCA80700240B2A /* TravistestTests */,
				03A00AB31BDCA80800240B2A /* TravistestUITests */,
			);
		};
/* End PBXProject section */

/* Begin PBXResourcesBuildPhase section */
		03A00A931BDCA80700240B2A /* Resources */ = {
			isa = PBXResourcesBuildPhase;
			buildActionMask = 2147483647;
			files = (
				03A00AA31BDCA80700240B2A /* LaunchScreen.storyboard in Resources */,
				03A00AA01BDCA80700240B2A /* Assets.xcassets in Resources */,
				03A00A9E1BDCA80700240B2A /* Main.storyboard in Resources */,
			);
			runOnlyForDeploymentPostprocessing = 0;
		};
		03A00AA71BDCA80700240B2A /* Resources */ = {
			isa = PBXResourcesBuildPhase;
			buildActionMask = 2147483647;
			files = (
			);
			runOnlyForDeploymentPostprocessing = 0;
		};
		03A00AB21BDCA80800240B2A /* Resources */ = {
			isa = PBXResourcesBuildPhase;
			buildActionMask = 2147483647;
			files = (
			);
			runOnlyForDeploymentPostprocessing = 0;
		};
/* End PBXResourcesBuildPhase section */

/* Begin PBXSourcesBuildPhase section */
		03A00A911BDCA80700240B2A /* Sources */ = {
			isa = PBXSourcesBuildPhase;
			buildActionMask = 2147483647;
			files = (
				03A00A9B1BDCA80700240B2A /* ViewController.swift in Sources */,
				03A00A991BDCA80700240B2A /* AppDelegate.swift in Sources */,
			);
			runOnlyForDeploymentPostprocessing = 0;
		};
		03A00AA51BDCA80700240B2A /* Sources */ = {
			isa = PBXSourcesBuildPhase;
			buildActionMask = 2147483647;
			files = (
				03A00AAE1BDCA80700240B2A /* TravistestTests.swift in Sources */,
			);
			runOnlyForDeploymentPostprocessing = 0;
		};
		03A00AB01BDCA80800240B2A /* Sources */ = {
			isa = PBXSourcesBuildPhase;
			buildActionMask = 2147483647;
			files = (
				03A00AB91BDCA80800240B2A /* TravistestUITests.swift in Sources */,
			);
			runOnlyForDeploymentPostprocessing = 0;
		};
/* End PBXSourcesBuildPhase section */

/* Begin PBXTargetDependency section */
		03A00AAB1BDCA80700240B2A /* PBXTargetDependency */ = {
			isa = PBXTargetDependency;
			target = 03A00A941BDCA80700240B2A /* Travistest */;
			targetProxy = 03A00AAA1BDCA80700240B2A /* PBXContainerItemProxy */;
		};
		03A00AB61BDCA80800240B2A /* PBXTargetDependency */ = {
			isa = PBXTargetDependency;
			target = 03A00A941BDCA80700240B2A /* Travistest */;
			targetProxy = 03A00AB51BDCA80800240B2A /* PBXContainerItemProxy */;
		};
/* End PBXTargetDependency section */

/* Begin PBXVariantGroup section */
		03A00A9C1BDCA80700240B2A /* Main.storyboard */ = {
			isa = PBXVariantGroup;
			children = (
				03A00A9D1BDCA80700240B2A /* Base */,
			);
			name = Main.storyboard;
			sourceTree = "<group>";
		};
		03A00AA11BDCA80700240B2A /* LaunchScreen.storyboard */ = {
			isa = PBXVariantGroup;
			children = (
				03A00AA21BDCA80700240B2A /* Base */,
			);
			name = LaunchScreen.storyboard;
			sourceTree = "<group>";
		};
/* End PBXVariantGroup section */

/* Begin XCBuildConfiguration section */
		03A00ABB1BDCA80800240B2A /* Debug */ = {
			isa = XCBuildConfiguration;
			buildSettings = {
				ALWAYS_SEARCH_USER_PATHS = NO;
				CLANG_CXX_LANGUAGE_STANDARD = "gnu++0x";
				CLANG_CXX_LIBRARY = "libc++";
				CLANG_ENABLE_MODULES = YES;
				CLANG_ENABLE_OBJC_ARC = YES;
				CLANG_WARN_BOOL_CONVERSION = YES;
				CLANG_WARN_CONSTANT_CONVERSION = YES;
				CLANG_WARN_DIRECT_OBJC_ISA_USAGE = YES_ERROR;
				CLANG_WARN_EMPTY_BODY = YES;
				CLANG_WARN_ENUM_CONVERSION = YES;
				CLANG_WARN_INT_CONVERSION = YES;
				CLANG_WARN_OBJC_ROOT_CLASS = YES_ERROR;
				CLANG_WARN_UNREACHABLE_CODE = YES;
				CLANG_WARN__DUPLICATE_METHOD_MATCH = YES;
				"CODE_SIGN_IDENTITY[sdk=iphoneos*]" = "iPhone Developer";
				COPY_PHASE_STRIP = NO;
				DEBUG_INFORMATION_FORMAT = dwarf;
				ENABLE_STRICT_OBJC_MSGSEND = YES;
				ENABLE_TESTABILITY = YES;
				GCC_C_LANGUAGE_STANDARD = gnu99;
				GCC_DYNAMIC_NO_PIC = NO;
				GCC_NO_COMMON_BLOCKS = YES;
				GCC_OPTIMIZATION_LEVEL = 0;
				GCC_PREPROCESSOR_DEFINITIONS = (
					"DEBUG=1",
					"$(inherited)",
				);
				GCC_WARN_64_TO_32_BIT_CONVERSION = YES;
				GCC_WARN_ABOUT_RETURN_TYPE = YES_ERROR;
				GCC_WARN_UNDECLARED_SELECTOR = YES;
				GCC_WARN_UNINITIALIZED_AUTOS = YES_AGGRESSIVE;
				GCC_WARN_UNUSED_FUNCTION = YES;
				GCC_WARN_UNUSED_VARIABLE = YES;
				IPHONEOS_DEPLOYMENT_TARGET = 9.0;
				MTL_ENABLE_DEBUG_INFO = YES;
				ONLY_ACTIVE_ARCH = YES;
				SDKROOT = iphoneos;
				SWIFT_OPTIMIZATION_LEVEL = "-Onone";
				TARGETED_DEVICE_FAMILY = "1,2";
			};
			name = Debug;
		};
		03A00ABC1BDCA80800240B2A /* Release */ = {
			isa = XCBuildConfiguration;
			buildSettings = {
				ALWAYS_SEARCH_USER_PATHS = NO;
				CLANG_CXX_LANGUAGE_STANDARD = "gnu++0x";
				CLANG_CXX_LIBRARY = "libc++";
				CLANG_ENABLE_MODULES = YES;
				CLANG_ENABLE_OBJC_ARC = YES;
				CLANG_WARN_BOOL_CONVERSION = YES;
				CLANG_WARN_CONSTANT_CONVERSION = YES;
				CLANG_WARN_DIRECT_OBJC_ISA_USAGE = YES_ERROR;
				CLANG_WARN_EMPTY_BODY = YES;
				CLANG_WARN_ENUM_CONVERSION = YES;
				CLANG_WARN_INT_CONVERSION = YES;
				CLANG_WARN_OBJC_ROOT_CLASS = YES_ERROR;
				CLANG_WARN_UNREACHABLE_CODE = YES;
				CLANG_WARN__DUPLICATE_METHOD_MATCH = YES;
				"CODE_SIGN_IDENTITY[sdk=iphoneos*]" = "iPhone Developer";
				COPY_PHASE_STRIP = NO;
				DEBUG_INFORMATION_FORMAT = "dwarf-with-dsym";
				ENABLE_NS_ASSERTIONS = NO;
				ENABLE_STRICT_OBJC_MSGSEND = YES;
				GCC_C_LANGUAGE_STANDARD = gnu99;
				GCC_NO_COMMON_BLOCKS = YES;
				GCC_WARN_64_TO_32_BIT_CONVERSION = YES;
				GCC_WARN_ABOUT_RETURN_TYPE = YES_ERROR;
				GCC_WARN_UNDECLARED_SELECTOR = YES;
				GCC_WARN_UNINITIALIZED_AUTOS = YES_AGGRESSIVE;
				GCC_WARN_UNUSED_FUNCTION = YES;
				GCC_WARN_UNUSED_VARIABLE = YES;
				IPHONEOS_DEPLOYMENT_TARGET = 9.0;
				MTL_ENABLE_DEBUG_INFO = NO;
				SDKROOT = iphoneos;
				TARGETED_DEVICE_FAMILY = "1,2";
				VALIDATE_PRODUCT = YES;
			};
			name = Release;
		};
		03A00ABE1BDCA80800240B2A /* Debug */ = {
			isa = XCBuildConfiguration;
			buildSettings = {
				ASSETCATALOG_COMPILER_APPICON_NAME = AppIcon;
				INFOPLIST_FILE = Travistest/Info.plist;
				LD_RUNPATH_SEARCH_PATHS = "$(inherited) @executable_path/Frameworks";
				PRODUCT_BUNDLE_IDENTIFIER = SK.Travistest;
				PRODUCT_NAME = "$(TARGET_NAME)";
			};
			name = Debug;
		};
		03A00ABF1BDCA80800240B2A /* Release */ = {
			isa = XCBuildConfiguration;
			buildSettings = {
				ASSETCATALOG_COMPILER_APPICON_NAME = AppIcon;
				INFOPLIST_FILE = Travistest/Info.plist;
				LD_RUNPATH_SEARCH_PATHS = "$(inherited) @executable_path/Frameworks";
				PRODUCT_BUNDLE_IDENTIFIER = SK.Travistest;
				PRODUCT_NAME = "$(TARGET_NAME)";
			};
			name = Release;
		};
		03A00AC11BDCA80800240B2A /* Debug */ = {
			isa = XCBuildConfiguration;
			buildSettings = {
				BUNDLE_LOADER = "$(TEST_HOST)";
				INFOPLIST_FILE = TravistestTests/Info.plist;
				LD_RUNPATH_SEARCH_PATHS = "$(inherited) @executable_path/Frameworks @loader_path/Frameworks";
				PRODUCT_BUNDLE_IDENTIFIER = SK.TravistestTests;
				PRODUCT_NAME = "$(TARGET_NAME)";
				TEST_HOST = "$(BUILT_PRODUCTS_DIR)/Travistest.app/Travistest";
			};
			name = Debug;
		};
		03A00AC21BDCA80800240B2A /* Release */ = {
			isa = XCBuildConfiguration;
			buildSettings = {
				BUNDLE_LOADER = "$(TEST_HOST)";
				INFOPLIST_FILE = TravistestTests/Info.plist;
				LD_RUNPATH_SEARCH_PATHS = "$(inherited) @executable_path/Frameworks @loader_path/Frameworks";
				PRODUCT_BUNDLE_IDENTIFIER = SK.TravistestTests;
				PRODUCT_NAME = "$(TARGET_NAME)";
				TEST_HOST = "$(BUILT_PRODUCTS_DIR)/Travistest.app/Travistest";
			};
			name = Release;
		};
		03A00AC41BDCA80800240B2A /* Debug */ = {
			isa = XCBuildConfiguration;
			buildSettings = {
				INFOPLIST_FILE = TravistestUITests/Info.plist;
				LD_RUNPATH_SEARCH_PATHS = "$(inherited) @executable_path/Frameworks @loader_path/Frameworks";
				PRODUCT_BUNDLE_IDENTIFIER = SK.TravistestUITests;
				PRODUCT_NAME = "$(TARGET_NAME)";
				TEST_TARGET_NAME = Travistest;
				USES_XCTRUNNER = YES;
			};
			name = Debug;
		};
		03A00AC51BDCA80800240B2A /* Release */ = {
			isa = XCBuildConfiguration;
			buildSettings = {
				INFOPLIST_FILE = TravistestUITests/Info.plist;
				LD_RUNPATH_SEARCH_PATHS = "$(inherited) @executable_path/Frameworks @loader_path/Frameworks";
				PRODUCT_BUNDLE_IDENTIFIER = SK.TravistestUITests;
				PRODUCT_NAME = "$(TARGET_NAME)";
				TEST_TARGET_NAME = Travistest;
				USES_XCTRUNNER = YES;
			};
			name = Release;
		};
/* End XCBuildConfiguration section */

/* Begin XCConfigurationList section */
		03A00A901BDCA80700240B2A /* Build configuration list for PBXProject "Travistest" */ = {
			isa = XCConfigurationList;
			buildConfigurations = (
				03A00ABB1BDCA80800240B2A /* Debug */,
				03A00ABC1BDCA80800240B2A /* Release */,
			);
			defaultConfigurationIsVisible = 0;
			defaultConfigurationName = Release;
		};
		03A00ABD1BDCA80800240B2A /* Build configuration list for PBXNativeTarget "Travistest" */ = {
			isa = XCConfigurationList;
			buildConfigurations = (
				03A00ABE1BDCA80800240B2A /* Debug */,
				03A00ABF1BDCA80800240B2A /* Release */,
			);
			defaultConfigurationIsVisible = 0;
		};
		03A00AC01BDCA80800240B2A /* Build configuration list for PBXNativeTarget "TravistestTests" */ = {
			isa = XCConfigurationList;
			buildConfigurations = (
				03A00AC11BDCA80800240B2A /* Debug */,
				03A00AC21BDCA80800240B2A /* Release */,
			);
			defaultConfigurationIsVisible = 0;
		};
		03A00AC31BDCA80800240B2A /* Build configuration list for PBXNativeTarget "TravistestUITests" */ = {
			isa = XCConfigurationList;
			buildConfigurations = (
				03A00AC41BDCA80800240B2A /* Debug */,
				03A00AC51BDCA80800240B2A /* Release */,
			);
			defaultConfigurationIsVisible = 0;
		};
/* End XCConfigurationList section */
	};
	rootObject = 03A00A8D1BDCA80700240B2A /* Project object */;
}
